// !$*UTF8*$!
{
	archiveVersion = 1;
	classes = {
	};
	objectVersion = 50;
	objects = {

/* Begin PBXBuildFile section */
		530C365321DF24BE000878B9 /* Document.swift in Sources */ = {isa = PBXBuildFile; fileRef = 530C365221DF24BE000878B9 /* Document.swift */; };
		530C365521DF24C0000878B9 /* Assets.xcassets in Resources */ = {isa = PBXBuildFile; fileRef = 530C365421DF24C0000878B9 /* Assets.xcassets */; };
		530C365821DF24C0000878B9 /* Main.storyboard in Resources */ = {isa = PBXBuildFile; fileRef = 530C365621DF24C0000878B9 /* Main.storyboard */; };
		530C366121DF2755000878B9 /* DragView.swift in Sources */ = {isa = PBXBuildFile; fileRef = 530C366021DF2755000878B9 /* DragView.swift */; };
		530C366321DF27D3000878B9 /* Converter.swift in Sources */ = {isa = PBXBuildFile; fileRef = 530C366221DF27D3000878B9 /* Converter.swift */; };
		530C369121E0904C000878B9 /* SelectionMainViewController.swift in Sources */ = {isa = PBXBuildFile; fileRef = 530C368B21E0904C000878B9 /* SelectionMainViewController.swift */; };
		530C369221E0904C000878B9 /* WindowController.swift in Sources */ = {isa = PBXBuildFile; fileRef = 530C368C21E0904C000878B9 /* WindowController.swift */; };
		530C369321E0904C000878B9 /* HomeViewController.swift in Sources */ = {isa = PBXBuildFile; fileRef = 530C368D21E0904C000878B9 /* HomeViewController.swift */; };
		530C369421E0904C000878B9 /* AppDelegate.swift in Sources */ = {isa = PBXBuildFile; fileRef = 530C368E21E0904C000878B9 /* AppDelegate.swift */; };
		530C369521E0904C000878B9 /* SelectionSplitViewController.swift in Sources */ = {isa = PBXBuildFile; fileRef = 530C368F21E0904C000878B9 /* SelectionSplitViewController.swift */; };
		530C369621E0904C000878B9 /* SelectionSidebarViewController.swift in Sources */ = {isa = PBXBuildFile; fileRef = 530C369021E0904C000878B9 /* SelectionSidebarViewController.swift */; };
		530C369D21E1ED4C000878B9 /* SidebarThumbnail.swift in Sources */ = {isa = PBXBuildFile; fileRef = 530C369B21E1ED4C000878B9 /* SidebarThumbnail.swift */; };
		530C369E21E1ED4C000878B9 /* SidebarThumbnail.xib in Resources */ = {isa = PBXBuildFile; fileRef = 530C369C21E1ED4C000878B9 /* SidebarThumbnail.xib */; };
		530C36A021E1EDAF000878B9 /* Image.swift in Sources */ = {isa = PBXBuildFile; fileRef = 530C369F21E1EDAF000878B9 /* Image.swift */; };
		530C36A221E1F1E1000878B9 /* Errors.swift in Sources */ = {isa = PBXBuildFile; fileRef = 530C36A121E1F1E1000878B9 /* Errors.swift */; };
		5339EAD22210220C0078EC28 /* Styles.swift in Sources */ = {isa = PBXBuildFile; fileRef = 5339EAD12210220C0078EC28 /* Styles.swift */; };
		5340502622199D370014CCA3 /* NSImage.swift in Sources */ = {isa = PBXBuildFile; fileRef = 5340502522199D370014CCA3 /* NSImage.swift */; };
		53405029221AAB9B0014CCA3 /* NSView.swift in Sources */ = {isa = PBXBuildFile; fileRef = 53405028221AAB9B0014CCA3 /* NSView.swift */; };
		53405032221B1A910014CCA3 /* ResultSnippetItem.swift in Sources */ = {isa = PBXBuildFile; fileRef = 53405030221B1A910014CCA3 /* ResultSnippetItem.swift */; };
		53405033221B1A910014CCA3 /* ResultSnippetItem.xib in Resources */ = {isa = PBXBuildFile; fileRef = 53405031221B1A910014CCA3 /* ResultSnippetItem.xib */; };
		53405035222508A70014CCA3 /* String.swift in Sources */ = {isa = PBXBuildFile; fileRef = 53405034222508A70014CCA3 /* String.swift */; };
		5345DC2122111E5B009BF148 /* ResultsViewController.swift in Sources */ = {isa = PBXBuildFile; fileRef = 5345DC2022111E5B009BF148 /* ResultsViewController.swift */; };
		53DA929821F5A398006913C1 /* SelectionMainView.swift in Sources */ = {isa = PBXBuildFile; fileRef = 53DA929721F5A398006913C1 /* SelectionMainView.swift */; };
		53DA929A21F85EAB006913C1 /* CenteringClipView.swift in Sources */ = {isa = PBXBuildFile; fileRef = 53DA929921F85EAB006913C1 /* CenteringClipView.swift */; };
		53DA929C21F8C35D006913C1 /* ImageSelection.swift in Sources */ = {isa = PBXBuildFile; fileRef = 53DA929B21F8C35D006913C1 /* ImageSelection.swift */; };
		53FF2AF12202EAAD0015D4E1 /* SelectionCanvasController.swift in Sources */ = {isa = PBXBuildFile; fileRef = 53FF2AF02202EAAD0015D4E1 /* SelectionCanvasController.swift */; };
		53FF2AF3220434A10015D4E1 /* SelectionCanvas.swift in Sources */ = {isa = PBXBuildFile; fileRef = 53FF2AF2220434A10015D4E1 /* SelectionCanvas.swift */; };
		53FF2AF52205A7030015D4E1 /* SelectionSelector.swift in Sources */ = {isa = PBXBuildFile; fileRef = 53FF2AF42205A7030015D4E1 /* SelectionSelector.swift */; };
		53FF2AF72205D27B0015D4E1 /* Enums.swift in Sources */ = {isa = PBXBuildFile; fileRef = 53FF2AF62205D27B0015D4E1 /* Enums.swift */; };
		53FF2AF92205DA260015D4E1 /* SelectionSelectorHandle.swift in Sources */ = {isa = PBXBuildFile; fileRef = 53FF2AF82205DA260015D4E1 /* SelectionSelectorHandle.swift */; };
		53FF2AFB22074A870015D4E1 /* Structs.swift in Sources */ = {isa = PBXBuildFile; fileRef = 53FF2AFA22074A870015D4E1 /* Structs.swift */; };
		C9ADA17EACEC4D3F712180B5 /* Pods_MathConverter.framework in Frameworks */ = {isa = PBXBuildFile; fileRef = 93D1C977029BA11493D58D1A /* Pods_MathConverter.framework */; };
/* End PBXBuildFile section */

/* Begin PBXFileReference section */
		530C364B21DF24BE000878B9 /* MathConverter.app */ = {isa = PBXFileReference; explicitFileType = wrapper.application; includeInIndex = 0; path = MathConverter.app; sourceTree = BUILT_PRODUCTS_DIR; };
		530C365221DF24BE000878B9 /* Document.swift */ = {isa = PBXFileReference; lastKnownFileType = sourcecode.swift; name = Document.swift; path = MathConverter/Model/Document.swift; sourceTree = SOURCE_ROOT; };
		530C365421DF24C0000878B9 /* Assets.xcassets */ = {isa = PBXFileReference; lastKnownFileType = folder.assetcatalog; name = Assets.xcassets; path = MathConverter/Assets.xcassets; sourceTree = SOURCE_ROOT; };
		530C365721DF24C0000878B9 /* Base */ = {isa = PBXFileReference; lastKnownFileType = file.storyboard; name = Base; path = Base.lproj/Main.storyboard; sourceTree = "<group>"; };
		530C365921DF24C0000878B9 /* Info.plist */ = {isa = PBXFileReference; lastKnownFileType = text.plist.xml; name = Info.plist; path = MathConverter/Info.plist; sourceTree = SOURCE_ROOT; };
		530C365A21DF24C0000878B9 /* MathConverter.entitlements */ = {isa = PBXFileReference; lastKnownFileType = text.plist.entitlements; name = MathConverter.entitlements; path = MathConverter/MathConverter.entitlements; sourceTree = SOURCE_ROOT; };
		530C366021DF2755000878B9 /* DragView.swift */ = {isa = PBXFileReference; lastKnownFileType = sourcecode.swift; name = DragView.swift; path = MathConverter/Views/DragView.swift; sourceTree = SOURCE_ROOT; };
		530C366221DF27D3000878B9 /* Converter.swift */ = {isa = PBXFileReference; lastKnownFileType = sourcecode.swift; name = Converter.swift; path = MathConverter/Model/Converter.swift; sourceTree = SOURCE_ROOT; };
		530C368B21E0904C000878B9 /* SelectionMainViewController.swift */ = {isa = PBXFileReference; lastKnownFileType = sourcecode.swift; name = SelectionMainViewController.swift; path = MathConverter/Controllers/SelectionMainViewController.swift; sourceTree = SOURCE_ROOT; };
		530C368C21E0904C000878B9 /* WindowController.swift */ = {isa = PBXFileReference; lastKnownFileType = sourcecode.swift; name = WindowController.swift; path = MathConverter/Controllers/WindowController.swift; sourceTree = SOURCE_ROOT; };
		530C368D21E0904C000878B9 /* HomeViewController.swift */ = {isa = PBXFileReference; lastKnownFileType = sourcecode.swift; name = HomeViewController.swift; path = MathConverter/Controllers/HomeViewController.swift; sourceTree = SOURCE_ROOT; };
		530C368E21E0904C000878B9 /* AppDelegate.swift */ = {isa = PBXFileReference; lastKnownFileType = sourcecode.swift; name = AppDelegate.swift; path = MathConverter/Controllers/AppDelegate.swift; sourceTree = SOURCE_ROOT; };
		530C368F21E0904C000878B9 /* SelectionSplitViewController.swift */ = {isa = PBXFileReference; lastKnownFileType = sourcecode.swift; name = SelectionSplitViewController.swift; path = MathConverter/Controllers/SelectionSplitViewController.swift; sourceTree = SOURCE_ROOT; };
		530C369021E0904C000878B9 /* SelectionSidebarViewController.swift */ = {isa = PBXFileReference; lastKnownFileType = sourcecode.swift; name = SelectionSidebarViewController.swift; path = MathConverter/Controllers/SelectionSidebarViewController.swift; sourceTree = SOURCE_ROOT; };
		530C369B21E1ED4C000878B9 /* SidebarThumbnail.swift */ = {isa = PBXFileReference; lastKnownFileType = sourcecode.swift; name = SidebarThumbnail.swift; path = MathConverter/Views/SidebarThumbnail.swift; sourceTree = SOURCE_ROOT; };
		530C369C21E1ED4C000878B9 /* SidebarThumbnail.xib */ = {isa = PBXFileReference; lastKnownFileType = file.xib; name = SidebarThumbnail.xib; path = MathConverter/Resources/SidebarThumbnail.xib; sourceTree = SOURCE_ROOT; };
		530C369F21E1EDAF000878B9 /* Image.swift */ = {isa = PBXFileReference; lastKnownFileType = sourcecode.swift; name = Image.swift; path = MathConverter/Model/Image.swift; sourceTree = SOURCE_ROOT; };
		530C36A121E1F1E1000878B9 /* Errors.swift */ = {isa = PBXFileReference; lastKnownFileType = sourcecode.swift; name = Errors.swift; path = MathConverter/Model/Errors.swift; sourceTree = SOURCE_ROOT; };
		5339EAD12210220C0078EC28 /* Styles.swift */ = {isa = PBXFileReference; lastKnownFileType = sourcecode.swift; path = Styles.swift; sourceTree = "<group>"; };
		5340502522199D370014CCA3 /* NSImage.swift */ = {isa = PBXFileReference; lastKnownFileType = sourcecode.swift; path = NSImage.swift; sourceTree = "<group>"; };
		53405028221AAB9B0014CCA3 /* NSView.swift */ = {isa = PBXFileReference; lastKnownFileType = sourcecode.swift; path = NSView.swift; sourceTree = "<group>"; };
		53405030221B1A910014CCA3 /* ResultSnippetItem.swift */ = {isa = PBXFileReference; lastKnownFileType = sourcecode.swift; path = ResultSnippetItem.swift; sourceTree = "<group>"; };
		53405031221B1A910014CCA3 /* ResultSnippetItem.xib */ = {isa = PBXFileReference; lastKnownFileType = file.xib; path = ResultSnippetItem.xib; sourceTree = "<group>"; };
		53405034222508A70014CCA3 /* String.swift */ = {isa = PBXFileReference; lastKnownFileType = sourcecode.swift; path = String.swift; sourceTree = "<group>"; };
		5345DC2022111E5B009BF148 /* ResultsViewController.swift */ = {isa = PBXFileReference; lastKnownFileType = sourcecode.swift; path = ResultsViewController.swift; sourceTree = "<group>"; };
		53DA929721F5A398006913C1 /* SelectionMainView.swift */ = {isa = PBXFileReference; lastKnownFileType = sourcecode.swift; name = SelectionMainView.swift; path = MathConverter/Views/SelectionMainView.swift; sourceTree = SOURCE_ROOT; };
		53DA929921F85EAB006913C1 /* CenteringClipView.swift */ = {isa = PBXFileReference; lastKnownFileType = sourcecode.swift; name = CenteringClipView.swift; path = MathConverter/Views/CenteringClipView.swift; sourceTree = SOURCE_ROOT; };
		53DA929B21F8C35D006913C1 /* ImageSelection.swift */ = {isa = PBXFileReference; lastKnownFileType = sourcecode.swift; name = ImageSelection.swift; path = MathConverter/Model/ImageSelection.swift; sourceTree = SOURCE_ROOT; };
		53FF2AF02202EAAD0015D4E1 /* SelectionCanvasController.swift */ = {isa = PBXFileReference; lastKnownFileType = sourcecode.swift; name = SelectionCanvasController.swift; path = MathConverter/Controllers/SelectionCanvasController.swift; sourceTree = SOURCE_ROOT; };
		53FF2AF2220434A10015D4E1 /* SelectionCanvas.swift */ = {isa = PBXFileReference; lastKnownFileType = sourcecode.swift; name = SelectionCanvas.swift; path = MathConverter/Views/SelectionCanvas.swift; sourceTree = SOURCE_ROOT; };
		53FF2AF42205A7030015D4E1 /* SelectionSelector.swift */ = {isa = PBXFileReference; lastKnownFileType = sourcecode.swift; path = SelectionSelector.swift; sourceTree = "<group>"; };
		53FF2AF62205D27B0015D4E1 /* Enums.swift */ = {isa = PBXFileReference; lastKnownFileType = sourcecode.swift; path = Enums.swift; sourceTree = "<group>"; };
		53FF2AF82205DA260015D4E1 /* SelectionSelectorHandle.swift */ = {isa = PBXFileReference; lastKnownFileType = sourcecode.swift; path = SelectionSelectorHandle.swift; sourceTree = "<group>"; };
		53FF2AFA22074A870015D4E1 /* Structs.swift */ = {isa = PBXFileReference; lastKnownFileType = sourcecode.swift; path = Structs.swift; sourceTree = "<group>"; };
		54C97DAAE131B157494AC83C /* Pods-MathConverter.debug.xcconfig */ = {isa = PBXFileReference; includeInIndex = 1; lastKnownFileType = text.xcconfig; name = "Pods-MathConverter.debug.xcconfig"; path = "Pods/Target Support Files/Pods-MathConverter/Pods-MathConverter.debug.xcconfig"; sourceTree = "<group>"; };
		93D1C977029BA11493D58D1A /* Pods_MathConverter.framework */ = {isa = PBXFileReference; explicitFileType = wrapper.framework; includeInIndex = 0; path = Pods_MathConverter.framework; sourceTree = BUILT_PRODUCTS_DIR; };
		A1E38B179F837BCC00DF9C15 /* Pods-MathConverter.release.xcconfig */ = {isa = PBXFileReference; includeInIndex = 1; lastKnownFileType = text.xcconfig; name = "Pods-MathConverter.release.xcconfig"; path = "Pods/Target Support Files/Pods-MathConverter/Pods-MathConverter.release.xcconfig"; sourceTree = "<group>"; };
/* End PBXFileReference section */

/* Begin PBXFrameworksBuildPhase section */
		530C364821DF24BE000878B9 /* Frameworks */ = {
			isa = PBXFrameworksBuildPhase;
			buildActionMask = 2147483647;
			files = (
				C9ADA17EACEC4D3F712180B5 /* Pods_MathConverter.framework in Frameworks */,
			);
			runOnlyForDeploymentPostprocessing = 0;
		};
/* End PBXFrameworksBuildPhase section */

/* Begin PBXGroup section */
		530C364221DF24BE000878B9 = {
			isa = PBXGroup;
			children = (
				530C364D21DF24BE000878B9 /* MathConverter */,
				530C364C21DF24BE000878B9 /* Products */,
				F0635FB28659D31E005F1447 /* Pods */,
				FE466004EFF46C6FA273FA76 /* Frameworks */,
			);
			sourceTree = "<group>";
		};
		530C364C21DF24BE000878B9 /* Products */ = {
			isa = PBXGroup;
			children = (
				530C364B21DF24BE000878B9 /* MathConverter.app */,
			);
			name = Products;
			sourceTree = SOURCE_ROOT;
		};
		530C364D21DF24BE000878B9 /* MathConverter */ = {
			isa = PBXGroup;
			children = (
				53405027221AAB750014CCA3 /* Extensions */,
				530C369A21E1EB22000878B9 /* Resources */,
				530C369921E0C3F2000878B9 /* Model */,
				530C369821E0C3DC000878B9 /* Views */,
				530C369721E0910A000878B9 /* Controllers */,
				530C365421DF24C0000878B9 /* Assets.xcassets */,
				530C365921DF24C0000878B9 /* Info.plist */,
				530C365A21DF24C0000878B9 /* MathConverter.entitlements */,
				53FF2AF62205D27B0015D4E1 /* Enums.swift */,
				53FF2AFA22074A870015D4E1 /* Structs.swift */,
				5339EAD12210220C0078EC28 /* Styles.swift */,
			);
			path = MathConverter;
			sourceTree = SOURCE_ROOT;
		};
		530C369721E0910A000878B9 /* Controllers */ = {
			isa = PBXGroup;
			children = (
				530C368E21E0904C000878B9 /* AppDelegate.swift */,
				530C368C21E0904C000878B9 /* WindowController.swift */,
				530C368D21E0904C000878B9 /* HomeViewController.swift */,
				530C368F21E0904C000878B9 /* SelectionSplitViewController.swift */,
				530C368B21E0904C000878B9 /* SelectionMainViewController.swift */,
				530C369021E0904C000878B9 /* SelectionSidebarViewController.swift */,
				53FF2AF02202EAAD0015D4E1 /* SelectionCanvasController.swift */,
				5345DC2022111E5B009BF148 /* ResultsViewController.swift */,
			);
			name = Controllers;
			path = MathConverter/Controllers;
			sourceTree = SOURCE_ROOT;
		};
		530C369821E0C3DC000878B9 /* Views */ = {
			isa = PBXGroup;
			children = (
				530C369B21E1ED4C000878B9 /* SidebarThumbnail.swift */,
				530C366021DF2755000878B9 /* DragView.swift */,
				53DA929721F5A398006913C1 /* SelectionMainView.swift */,
				53DA929921F85EAB006913C1 /* CenteringClipView.swift */,
				53FF2AF2220434A10015D4E1 /* SelectionCanvas.swift */,
				53FF2AF42205A7030015D4E1 /* SelectionSelector.swift */,
				53FF2AF82205DA260015D4E1 /* SelectionSelectorHandle.swift */,
				53405030221B1A910014CCA3 /* ResultSnippetItem.swift */,
			);
			name = Views;
			path = MathConverter/Views;
			sourceTree = SOURCE_ROOT;
		};
		530C369921E0C3F2000878B9 /* Model */ = {
			isa = PBXGroup;
			children = (
				530C365221DF24BE000878B9 /* Document.swift */,
				530C369F21E1EDAF000878B9 /* Image.swift */,
				53DA929B21F8C35D006913C1 /* ImageSelection.swift */,
				530C366221DF27D3000878B9 /* Converter.swift */,
				530C36A121E1F1E1000878B9 /* Errors.swift */,
			);
			name = Model;
			path = MathConverter/Model;
			sourceTree = SOURCE_ROOT;
		};
		530C369A21E1EB22000878B9 /* Resources */ = {
			isa = PBXGroup;
			children = (
				530C365621DF24C0000878B9 /* Main.storyboard */,
				530C369C21E1ED4C000878B9 /* SidebarThumbnail.xib */,
				53405031221B1A910014CCA3 /* ResultSnippetItem.xib */,
			);
			name = Resources;
			path = MathConverter/Resources;
			sourceTree = SOURCE_ROOT;
		};
		53405027221AAB750014CCA3 /* Extensions */ = {
			isa = PBXGroup;
			children = (
				5340502522199D370014CCA3 /* NSImage.swift */,
				53405028221AAB9B0014CCA3 /* NSView.swift */,
				53405034222508A70014CCA3 /* String.swift */,
			);
			path = Extensions;
			sourceTree = "<group>";
		};
		F0635FB28659D31E005F1447 /* Pods */ = {
			isa = PBXGroup;
			children = (
				54C97DAAE131B157494AC83C /* Pods-MathConverter.debug.xcconfig */,
				A1E38B179F837BCC00DF9C15 /* Pods-MathConverter.release.xcconfig */,
			);
			name = Pods;
			sourceTree = "<group>";
		};
		FE466004EFF46C6FA273FA76 /* Frameworks */ = {
			isa = PBXGroup;
			children = (
				93D1C977029BA11493D58D1A /* Pods_MathConverter.framework */,
			);
			name = Frameworks;
			sourceTree = "<group>";
		};
/* End PBXGroup section */

/* Begin PBXNativeTarget section */
		530C364A21DF24BE000878B9 /* MathConverter */ = {
			isa = PBXNativeTarget;
			buildConfigurationList = 530C365D21DF24C0000878B9 /* Build configuration list for PBXNativeTarget "MathConverter" */;
			buildPhases = (
				DC55F12172BC85484E753478 /* [CP] Check Pods Manifest.lock */,
				530C364721DF24BE000878B9 /* Sources */,
				530C364821DF24BE000878B9 /* Frameworks */,
				530C364921DF24BE000878B9 /* Resources */,
				0A5E3E585D20FE043C6ADA3F /* [CP] Embed Pods Frameworks */,
			);
			buildRules = (
			);
			dependencies = (
			);
			name = MathConverter;
			productName = MathConverter;
			productReference = 530C364B21DF24BE000878B9 /* MathConverter.app */;
			productType = "com.apple.product-type.application";
		};
/* End PBXNativeTarget section */

/* Begin PBXProject section */
		530C364321DF24BE000878B9 /* Project object */ = {
			isa = PBXProject;
			attributes = {
				LastSwiftUpdateCheck = 1010;
				LastUpgradeCheck = 1010;
				ORGANIZATIONNAME = "Angle Qian";
				TargetAttributes = {
					530C364A21DF24BE000878B9 = {
						CreatedOnToolsVersion = 10.1;
						SystemCapabilities = {
							com.apple.Sandbox = {
								enabled = 1;
							};
						};
					};
				};
			};
			buildConfigurationList = 530C364621DF24BE000878B9 /* Build configuration list for PBXProject "MathConverter" */;
			compatibilityVersion = "Xcode 9.3";
			developmentRegion = en;
			hasScannedForEncodings = 0;
			knownRegions = (
				en,
				Base,
			);
			mainGroup = 530C364221DF24BE000878B9;
			productRefGroup = 530C364C21DF24BE000878B9 /* Products */;
			projectDirPath = "";
			projectRoot = "";
			targets = (
				530C364A21DF24BE000878B9 /* MathConverter */,
			);
		};
/* End PBXProject section */

/* Begin PBXResourcesBuildPhase section */
		530C364921DF24BE000878B9 /* Resources */ = {
			isa = PBXResourcesBuildPhase;
			buildActionMask = 2147483647;
			files = (
				530C365521DF24C0000878B9 /* Assets.xcassets in Resources */,
				530C365821DF24C0000878B9 /* Main.storyboard in Resources */,
				53405033221B1A910014CCA3 /* ResultSnippetItem.xib in Resources */,
				530C369E21E1ED4C000878B9 /* SidebarThumbnail.xib in Resources */,
			);
			runOnlyForDeploymentPostprocessing = 0;
		};
/* End PBXResourcesBuildPhase section */

/* Begin PBXShellScriptBuildPhase section */
		0A5E3E585D20FE043C6ADA3F /* [CP] Embed Pods Frameworks */ = {
			isa = PBXShellScriptBuildPhase;
			buildActionMask = 2147483647;
			files = (
			);
			inputFileListPaths = (
			);
			inputPaths = (
				"${SRCROOT}/Pods/Target Support Files/Pods-MathConverter/Pods-MathConverter-frameworks.sh",
				"${BUILT_PRODUCTS_DIR}/Alamofire/Alamofire.framework",
			);
			name = "[CP] Embed Pods Frameworks";
			outputFileListPaths = (
			);
			outputPaths = (
				"${TARGET_BUILD_DIR}/${FRAMEWORKS_FOLDER_PATH}/Alamofire.framework",
			);
			runOnlyForDeploymentPostprocessing = 0;
			shellPath = /bin/sh;
			shellScript = "\"${SRCROOT}/Pods/Target Support Files/Pods-MathConverter/Pods-MathConverter-frameworks.sh\"\n";
			showEnvVarsInLog = 0;
		};
		DC55F12172BC85484E753478 /* [CP] Check Pods Manifest.lock */ = {
			isa = PBXShellScriptBuildPhase;
			buildActionMask = 2147483647;
			files = (
			);
			inputFileListPaths = (
			);
			inputPaths = (
				"${PODS_PODFILE_DIR_PATH}/Podfile.lock",
				"${PODS_ROOT}/Manifest.lock",
			);
			name = "[CP] Check Pods Manifest.lock";
			outputFileListPaths = (
			);
			outputPaths = (
				"$(DERIVED_FILE_DIR)/Pods-MathConverter-checkManifestLockResult.txt",
			);
			runOnlyForDeploymentPostprocessing = 0;
			shellPath = /bin/sh;
			shellScript = "diff \"${PODS_PODFILE_DIR_PATH}/Podfile.lock\" \"${PODS_ROOT}/Manifest.lock\" > /dev/null\nif [ $? != 0 ] ; then\n    # print error to STDERR\n    echo \"error: The sandbox is not in sync with the Podfile.lock. Run 'pod install' or update your CocoaPods installation.\" >&2\n    exit 1\nfi\n# This output is used by Xcode 'outputs' to avoid re-running this script phase.\necho \"SUCCESS\" > \"${SCRIPT_OUTPUT_FILE_0}\"\n";
			showEnvVarsInLog = 0;
		};
/* End PBXShellScriptBuildPhase section */

/* Begin PBXSourcesBuildPhase section */
		530C364721DF24BE000878B9 /* Sources */ = {
			isa = PBXSourcesBuildPhase;
			buildActionMask = 2147483647;
			files = (
				53FF2AF12202EAAD0015D4E1 /* SelectionCanvasController.swift in Sources */,
				5345DC2122111E5B009BF148 /* ResultsViewController.swift in Sources */,
				53DA929A21F85EAB006913C1 /* CenteringClipView.swift in Sources */,
				5340502622199D370014CCA3 /* NSImage.swift in Sources */,
				530C366121DF2755000878B9 /* DragView.swift in Sources */,
				53FF2AFB22074A870015D4E1 /* Structs.swift in Sources */,
				53405032221B1A910014CCA3 /* ResultSnippetItem.swift in Sources */,
				530C369221E0904C000878B9 /* WindowController.swift in Sources */,
				53FF2AF3220434A10015D4E1 /* SelectionCanvas.swift in Sources */,
				53DA929C21F8C35D006913C1 /* ImageSelection.swift in Sources */,
				530C365321DF24BE000878B9 /* Document.swift in Sources */,
				530C369121E0904C000878B9 /* SelectionMainViewController.swift in Sources */,
				530C36A221E1F1E1000878B9 /* Errors.swift in Sources */,
				530C369421E0904C000878B9 /* AppDelegate.swift in Sources */,
				5339EAD22210220C0078EC28 /* Styles.swift in Sources */,
				530C366321DF27D3000878B9 /* Converter.swift in Sources */,
				53405035222508A70014CCA3 /* String.swift in Sources */,
				530C369621E0904C000878B9 /* SelectionSidebarViewController.swift in Sources */,
				530C369521E0904C000878B9 /* SelectionSplitViewController.swift in Sources */,
				53FF2AF52205A7030015D4E1 /* SelectionSelector.swift in Sources */,
				530C369321E0904C000878B9 /* HomeViewController.swift in Sources */,
				530C36A021E1EDAF000878B9 /* Image.swift in Sources */,
				530C369D21E1ED4C000878B9 /* SidebarThumbnail.swift in Sources */,
				53DA929821F5A398006913C1 /* SelectionMainView.swift in Sources */,
				53405029221AAB9B0014CCA3 /* NSView.swift in Sources */,
				53FF2AF72205D27B0015D4E1 /* Enums.swift in Sources */,
				53FF2AF92205DA260015D4E1 /* SelectionSelectorHandle.swift in Sources */,
			);
			runOnlyForDeploymentPostprocessing = 0;
		};
/* End PBXSourcesBuildPhase section */

/* Begin PBXVariantGroup section */
		530C365621DF24C0000878B9 /* Main.storyboard */ = {
			isa = PBXVariantGroup;
			children = (
				530C365721DF24C0000878B9 /* Base */,
			);
			name = Main.storyboard;
			path = MathConverter/Resources;
			sourceTree = SOURCE_ROOT;
		};
/* End PBXVariantGroup section */

/* Begin XCBuildConfiguration section */
		530C365B21DF24C0000878B9 /* Debug */ = {
			isa = XCBuildConfiguration;
			buildSettings = {
				ALWAYS_SEARCH_USER_PATHS = NO;
				CLANG_ANALYZER_NONNULL = YES;
				CLANG_ANALYZER_NUMBER_OBJECT_CONVERSION = YES_AGGRESSIVE;
				CLANG_CXX_LANGUAGE_STANDARD = "gnu++14";
				CLANG_CXX_LIBRARY = "libc++";
				CLANG_ENABLE_MODULES = YES;
				CLANG_ENABLE_OBJC_ARC = YES;
				CLANG_ENABLE_OBJC_WEAK = YES;
				CLANG_WARN_BLOCK_CAPTURE_AUTORELEASING = YES;
				CLANG_WARN_BOOL_CONVERSION = YES;
				CLANG_WARN_COMMA = YES;
				CLANG_WARN_CONSTANT_CONVERSION = YES;
				CLANG_WARN_DEPRECATED_OBJC_IMPLEMENTATIONS = YES;
				CLANG_WARN_DIRECT_OBJC_ISA_USAGE = YES_ERROR;
				CLANG_WARN_DOCUMENTATION_COMMENTS = YES;
				CLANG_WARN_EMPTY_BODY = YES;
				CLANG_WARN_ENUM_CONVERSION = YES;
				CLANG_WARN_INFINITE_RECURSION = YES;
				CLANG_WARN_INT_CONVERSION = YES;
				CLANG_WARN_NON_LITERAL_NULL_CONVERSION = YES;
				CLANG_WARN_OBJC_IMPLICIT_RETAIN_SELF = YES;
				CLANG_WARN_OBJC_LITERAL_CONVERSION = YES;
				CLANG_WARN_OBJC_ROOT_CLASS = YES_ERROR;
				CLANG_WARN_RANGE_LOOP_ANALYSIS = YES;
				CLANG_WARN_STRICT_PROTOTYPES = YES;
				CLANG_WARN_SUSPICIOUS_MOVE = YES;
				CLANG_WARN_UNGUARDED_AVAILABILITY = YES_AGGRESSIVE;
				CLANG_WARN_UNREACHABLE_CODE = YES;
				CLANG_WARN__DUPLICATE_METHOD_MATCH = YES;
				CODE_SIGN_IDENTITY = "Mac Developer";
				COPY_PHASE_STRIP = NO;
				DEBUG_INFORMATION_FORMAT = dwarf;
				ENABLE_STRICT_OBJC_MSGSEND = YES;
				ENABLE_TESTABILITY = YES;
				GCC_C_LANGUAGE_STANDARD = gnu11;
				GCC_DYNAMIC_NO_PIC = NO;
				GCC_NO_COMMON_BLOCKS = YES;
				GCC_OPTIMIZATION_LEVEL = 0;
				GCC_PREPROCESSOR_DEFINITIONS = (
					"DEBUG=1",
					"$(inherited)",
				);
				GCC_WARN_64_TO_32_BIT_CONVERSION = YES;
				GCC_WARN_ABOUT_RETURN_TYPE = YES_ERROR;
				GCC_WARN_UNDECLARED_SELECTOR = YES;
				GCC_WARN_UNINITIALIZED_AUTOS = YES_AGGRESSIVE;
				GCC_WARN_UNUSED_FUNCTION = YES;
				GCC_WARN_UNUSED_VARIABLE = YES;
				MACOSX_DEPLOYMENT_TARGET = 10.13;
				MTL_ENABLE_DEBUG_INFO = INCLUDE_SOURCE;
				MTL_FAST_MATH = YES;
				ONLY_ACTIVE_ARCH = YES;
				SDKROOT = macosx;
				SWIFT_ACTIVE_COMPILATION_CONDITIONS = DEBUG;
				SWIFT_OPTIMIZATION_LEVEL = "-Onone";
				SWIFT_VERSION = 3.0;
			};
			name = Debug;
		};
		530C365C21DF24C0000878B9 /* Release */ = {
			isa = XCBuildConfiguration;
			buildSettings = {
				ALWAYS_SEARCH_USER_PATHS = NO;
				CLANG_ANALYZER_NONNULL = YES;
				CLANG_ANALYZER_NUMBER_OBJECT_CONVERSION = YES_AGGRESSIVE;
				CLANG_CXX_LANGUAGE_STANDARD = "gnu++14";
				CLANG_CXX_LIBRARY = "libc++";
				CLANG_ENABLE_MODULES = YES;
				CLANG_ENABLE_OBJC_ARC = YES;
				CLANG_ENABLE_OBJC_WEAK = YES;
				CLANG_WARN_BLOCK_CAPTURE_AUTORELEASING = YES;
				CLANG_WARN_BOOL_CONVERSION = YES;
				CLANG_WARN_COMMA = YES;
				CLANG_WARN_CONSTANT_CONVERSION = YES;
				CLANG_WARN_DEPRECATED_OBJC_IMPLEMENTATIONS = YES;
				CLANG_WARN_DIRECT_OBJC_ISA_USAGE = YES_ERROR;
				CLANG_WARN_DOCUMENTATION_COMMENTS = YES;
				CLANG_WARN_EMPTY_BODY = YES;
				CLANG_WARN_ENUM_CONVERSION = YES;
				CLANG_WARN_INFINITE_RECURSION = YES;
				CLANG_WARN_INT_CONVERSION = YES;
				CLANG_WARN_NON_LITERAL_NULL_CONVERSION = YES;
				CLANG_WARN_OBJC_IMPLICIT_RETAIN_SELF = YES;
				CLANG_WARN_OBJC_LITERAL_CONVERSION = YES;
				CLANG_WARN_OBJC_ROOT_CLASS = YES_ERROR;
				CLANG_WARN_RANGE_LOOP_ANALYSIS = YES;
				CLANG_WARN_STRICT_PROTOTYPES = YES;
				CLANG_WARN_SUSPICIOUS_MOVE = YES;
				CLANG_WARN_UNGUARDED_AVAILABILITY = YES_AGGRESSIVE;
				CLANG_WARN_UNREACHABLE_CODE = YES;
				CLANG_WARN__DUPLICATE_METHOD_MATCH = YES;
				CODE_SIGN_IDENTITY = "Mac Developer";
				COPY_PHASE_STRIP = NO;
				DEBUG_INFORMATION_FORMAT = "dwarf-with-dsym";
				ENABLE_NS_ASSERTIONS = NO;
				ENABLE_STRICT_OBJC_MSGSEND = YES;
				GCC_C_LANGUAGE_STANDARD = gnu11;
				GCC_NO_COMMON_BLOCKS = YES;
				GCC_WARN_64_TO_32_BIT_CONVERSION = YES;
				GCC_WARN_ABOUT_RETURN_TYPE = YES_ERROR;
				GCC_WARN_UNDECLARED_SELECTOR = YES;
				GCC_WARN_UNINITIALIZED_AUTOS = YES_AGGRESSIVE;
				GCC_WARN_UNUSED_FUNCTION = YES;
				GCC_WARN_UNUSED_VARIABLE = YES;
				MACOSX_DEPLOYMENT_TARGET = 10.13;
				MTL_ENABLE_DEBUG_INFO = NO;
				MTL_FAST_MATH = YES;
				SDKROOT = macosx;
				SWIFT_COMPILATION_MODE = wholemodule;
				SWIFT_OPTIMIZATION_LEVEL = "-O";
				SWIFT_VERSION = 3.0;
			};
			name = Release;
		};
		530C365E21DF24C0000878B9 /* Debug */ = {
			isa = XCBuildConfiguration;
			baseConfigurationReference = 54C97DAAE131B157494AC83C /* Pods-MathConverter.debug.xcconfig */;
			buildSettings = {
				ASSETCATALOG_COMPILER_APPICON_NAME = AppIcon;
				CODE_SIGN_ENTITLEMENTS = MathConverter/MathConverter.entitlements;
				CODE_SIGN_IDENTITY = "Mac Developer";
				CODE_SIGN_STYLE = Automatic;
				COMBINE_HIDPI_IMAGES = YES;
				DEVELOPMENT_TEAM = 836TXRKD53;
				INFOPLIST_FILE = MathConverter/Info.plist;
				LD_RUNPATH_SEARCH_PATHS = (
					"$(inherited)",
					"@executable_path/../Frameworks",
				);
				MACOSX_DEPLOYMENT_TARGET = 10.13;
				PRODUCT_BUNDLE_IDENTIFIER = AngleQian.MathConverter;
				PRODUCT_NAME = "$(TARGET_NAME)";
				PROVISIONING_PROFILE_SPECIFIER = "";
				SWIFT_VERSION = 4.2;
			};
			name = Debug;
		};
		530C365F21DF24C0000878B9 /* Release */ = {
			isa = XCBuildConfiguration;
			baseConfigurationReference = A1E38B179F837BCC00DF9C15 /* Pods-MathConverter.release.xcconfig */;
			buildSettings = {
				ASSETCATALOG_COMPILER_APPICON_NAME = AppIcon;
				CODE_SIGN_ENTITLEMENTS = MathConverter/MathConverter.entitlements;
				CODE_SIGN_IDENTITY = "Mac Developer";
				CODE_SIGN_STYLE = Automatic;
				COMBINE_HIDPI_IMAGES = YES;
				DEVELOPMENT_TEAM = 836TXRKD53;
				INFOPLIST_FILE = MathConverter/Info.plist;
				LD_RUNPATH_SEARCH_PATHS = (
					"$(inherited)",
					"@executable_path/../Frameworks",
				);
				MACOSX_DEPLOYMENT_TARGET = 10.13;
				PRODUCT_BUNDLE_IDENTIFIER = AngleQian.MathConverter;
				PRODUCT_NAME = "$(TARGET_NAME)";
				PROVISIONING_PROFILE_SPECIFIER = "";
				SWIFT_VERSION = 4.2;
			};
			name = Release;
		};
/* End XCBuildConfiguration section */

/* Begin XCConfigurationList section */
		530C364621DF24BE000878B9 /* Build configuration list for PBXProject "MathConverter" */ = {
			isa = XCConfigurationList;
			buildConfigurations = (
				530C365B21DF24C0000878B9 /* Debug */,
				530C365C21DF24C0000878B9 /* Release */,
			);
			defaultConfigurationIsVisible = 0;
			defaultConfigurationName = Release;
		};
		530C365D21DF24C0000878B9 /* Build configuration list for PBXNativeTarget "MathConverter" */ = {
			isa = XCConfigurationList;
			buildConfigurations = (
				530C365E21DF24C0000878B9 /* Debug */,
				530C365F21DF24C0000878B9 /* Release */,
			);
			defaultConfigurationIsVisible = 0;
			defaultConfigurationName = Release;
		};
/* End XCConfigurationList section */
	};
	rootObject = 530C364321DF24BE000878B9 /* Project object */;
}
